
Microsoft Visual Studio Solution File, Format Version 12.00
# Visual Studio Version 16
VisualStudioVersion = 16.0.31025.194
MinimumVisualStudioVersion = 10.0.40219.1
Project("{FAE04EC0-301F-11D3-BF4B-00C04F79EFBC}") = "FolderJanitor", "FolderJanitor\FolderJanitor.csproj", "{30DFE535-1C6B-4251-99EE-6B1CFEA4A764}"
EndProject
Global
	GlobalSection(SolutionConfigurationPlatforms) = preSolution
		Debug|Any CPU = Debug|Any CPU
		Release|Any CPU = Release|Any CPU
	EndGlobalSection
	GlobalSection(ProjectConfigurationPlatforms) = postSolution
		{30DFE535-1C6B-4251-99EE-6B1CFEA4A764}.Debug|Any CPU.ActiveCfg = Debug|Any CPU
		{30DFE535-1C6B-4251-99EE-6B1CFEA4A764}.Debug|Any CPU.Build.0 = Debug|Any CPU
		{30DFE535-1C6B-4251-99EE-6B1CFEA4A764}.Release|Any CPU.ActiveCfg = Release|Any CPU
		{30DFE535-1C6B-4251-99EE-6B1CFEA4A764}.Release|Any CPU.Build.0 = Release|Any CPU
	EndGlobalSection
	GlobalSection(SolutionProperties) = preSolution
		HideSolutionNode = FALSE
	EndGlobalSection
	GlobalSection(ExtensibilityGlobals) = postSolution
		SolutionGuid = {94DA3075-F403-42FB-83EC-2467008FFFE8}
	EndGlobalSection
EndGlobal
